
Microsoft Visual Studio Solution File, Format Version 11.00
# Visual Studio 2010
Project("{8BC9CEB8-8B4A-11D0-8D11-00A0C91BC942}") = "TestPlatform", "TestPlatform\TestPlatform.vcxproj", "{A325610C-E743-4865-A230-10B9727BD6FF}"
EndProject
Global
	GlobalSection(SolutionConfigurationPlatforms) = preSolution
		Debug|Win32 = Debug|Win32
		Release|Win32 = Release|Win32
	EndGlobalSection
	GlobalSection(ProjectConfigurationPlatforms) = postSolution
		{A325610C-E743-4865-A230-10B9727BD6FF}.Debug|Win32.ActiveCfg = Debug|Win32
		{A325610C-E743-4865-A230-10B9727BD6FF}.Debug|Win32.Build.0 = Debug|Win32
		{A325610C-E743-4865-A230-10B9727BD6FF}.Release|Win32.ActiveCfg = Release|Win32
		{A325610C-E743-4865-A230-10B9727BD6FF}.Release|Win32.Build.0 = Release|Win32
	EndGlobalSection
	GlobalSection(SolutionProperties) = preSolution
		HideSolutionNode = FALSE
	EndGlobalSection
EndGlobal
